
Microsoft Visual Studio Solution File, Format Version 12.00
# Visual Studio Version 17
VisualStudioVersion = 17.14.36401.2 d17.14
MinimumVisualStudioVersion = 10.0.40219.1
Project("{FAE04EC0-301F-11D3-BF4B-00C04F79EFBC}") = "API", "TamweelyHR\API.csproj", "{0190421B-4A1E-4B00-8315-0684119E7D63}"
EndProject
Project("{FAE04EC0-301F-11D3-BF4B-00C04F79EFBC}") = "Core", "Core\Core.csproj", "{0478F3EE-6B86-48ED-AA95-CCFEBA72E7B3}"
EndProject
Project("{FAE04EC0-301F-11D3-BF4B-00C04F79EFBC}") = "Infrastructure", "Infrastructure\Infrastructure.csproj", "{565B7EB6-A6FA-474F-8D61-49C54F5E9E4F}"
EndProject
Global
	GlobalSection(SolutionConfigurationPlatforms) = preSolution
		Debug|Any CPU = Debug|Any CPU
		Release|Any CPU = Release|Any CPU
	EndGlobalSection
	GlobalSection(ProjectConfigurationPlatforms) = postSolution
		{0190421B-4A1E-4B00-8315-0684119E7D63}.Debug|Any CPU.ActiveCfg = Debug|Any CPU
		{0190421B-4A1E-4B00-8315-0684119E7D63}.Debug|Any CPU.Build.0 = Debug|Any CPU
		{0190421B-4A1E-4B00-8315-0684119E7D63}.Release|Any CPU.ActiveCfg = Release|Any CPU
		{0190421B-4A1E-4B00-8315-0684119E7D63}.Release|Any CPU.Build.0 = Release|Any CPU
		{0478F3EE-6B86-48ED-AA95-CCFEBA72E7B3}.Debug|Any CPU.ActiveCfg = Debug|Any CPU
		{0478F3EE-6B86-48ED-AA95-CCFEBA72E7B3}.Debug|Any CPU.Build.0 = Debug|Any CPU
		{0478F3EE-6B86-48ED-AA95-CCFEBA72E7B3}.Release|Any CPU.ActiveCfg = Release|Any CPU
		{0478F3EE-6B86-48ED-AA95-CCFEBA72E7B3}.Release|Any CPU.Build.0 = Release|Any CPU
		{565B7EB6-A6FA-474F-8D61-49C54F5E9E4F}.Debug|Any CPU.ActiveCfg = Debug|Any CPU
		{565B7EB6-A6FA-474F-8D61-49C54F5E9E4F}.Debug|Any CPU.Build.0 = Debug|Any CPU
		{565B7EB6-A6FA-474F-8D61-49C54F5E9E4F}.Release|Any CPU.ActiveCfg = Release|Any CPU
		{565B7EB6-A6FA-474F-8D61-49C54F5E9E4F}.Release|Any CPU.Build.0 = Release|Any CPU
	EndGlobalSection
	GlobalSection(SolutionProperties) = preSolution
		HideSolutionNode = FALSE
	EndGlobalSection
	GlobalSection(ExtensibilityGlobals) = postSolution
		SolutionGuid = {B433B069-CAB3-437F-8DF5-C52386C16439}
	EndGlobalSection
EndGlobal
